
Microsoft Visual Studio Solution File, Format Version 12.00
# Visual Studio 15
VisualStudioVersion = 15.0.27703.2035
MinimumVisualStudioVersion = 10.0.40219.1
Project("{FAE04EC0-301F-11D3-BF4B-00C04F79EFBC}") = "AulePiu.CorsoOvernet.WpfApp", "AulePiu.CorsoOvernet.WpfApp\AulePiu.CorsoOvernet.WpfApp.csproj", "{B3D0F4D4-B1BA-4596-8627-ABD1C5A8A7B6}"
EndProject
Project("{9A19103F-16F7-4668-BE54-9A1E7A4F7556}") = "AulePiu.CorsoOvernet.ViewModels", "AulePiu.CorsoOvernet.ViewModels\AulePiu.CorsoOvernet.ViewModels.csproj", "{AC05486D-A5BE-4DD4-8CBA-BE41AEB620D7}"
EndProject
Project("{9A19103F-16F7-4668-BE54-9A1E7A4F7556}") = "AulePiu.CorsoOvernet.Authentication", "AulePiu.CorsoOvernet.Authentication\AulePiu.CorsoOvernet.Authentication.csproj", "{BAEF776A-C6E1-41AA-9860-242F78D73DB3}"
EndProject
Project("{9A19103F-16F7-4668-BE54-9A1E7A4F7556}") = "AulePiu.CorsoOvernet.Messages", "AulePiu.CorsoOvernet.Messages\AulePiu.CorsoOvernet.Messages.csproj", "{C44FA05B-BBDA-4221-A6D5-E794F7563EBD}"
EndProject
Project("{FAE04EC0-301F-11D3-BF4B-00C04F79EFBC}") = "AulePiu.CorsoOvernet.DomainModel", "AulePiu.CorsoOvernet.DomainModel\AulePiu.CorsoOvernet.DomainModel.csproj", "{867DB69B-6857-47E9-A85A-A232FE45B9D3}"
EndProject
Global
	GlobalSection(SolutionConfigurationPlatforms) = preSolution
		Debug|Any CPU = Debug|Any CPU
		Release|Any CPU = Release|Any CPU
	EndGlobalSection
	GlobalSection(ProjectConfigurationPlatforms) = postSolution
		{B3D0F4D4-B1BA-4596-8627-ABD1C5A8A7B6}.Debug|Any CPU.ActiveCfg = Debug|Any CPU
		{B3D0F4D4-B1BA-4596-8627-ABD1C5A8A7B6}.Debug|Any CPU.Build.0 = Debug|Any CPU
		{B3D0F4D4-B1BA-4596-8627-ABD1C5A8A7B6}.Release|Any CPU.ActiveCfg = Release|Any CPU
		{B3D0F4D4-B1BA-4596-8627-ABD1C5A8A7B6}.Release|Any CPU.Build.0 = Release|Any CPU
		{AC05486D-A5BE-4DD4-8CBA-BE41AEB620D7}.Debug|Any CPU.ActiveCfg = Debug|Any CPU
		{AC05486D-A5BE-4DD4-8CBA-BE41AEB620D7}.Debug|Any CPU.Build.0 = Debug|Any CPU
		{AC05486D-A5BE-4DD4-8CBA-BE41AEB620D7}.Release|Any CPU.ActiveCfg = Release|Any CPU
		{AC05486D-A5BE-4DD4-8CBA-BE41AEB620D7}.Release|Any CPU.Build.0 = Release|Any CPU
		{BAEF776A-C6E1-41AA-9860-242F78D73DB3}.Debug|Any CPU.ActiveCfg = Debug|Any CPU
		{BAEF776A-C6E1-41AA-9860-242F78D73DB3}.Debug|Any CPU.Build.0 = Debug|Any CPU
		{BAEF776A-C6E1-41AA-9860-242F78D73DB3}.Release|Any CPU.ActiveCfg = Release|Any CPU
		{BAEF776A-C6E1-41AA-9860-242F78D73DB3}.Release|Any CPU.Build.0 = Release|Any CPU
		{C44FA05B-BBDA-4221-A6D5-E794F7563EBD}.Debug|Any CPU.ActiveCfg = Debug|Any CPU
		{C44FA05B-BBDA-4221-A6D5-E794F7563EBD}.Debug|Any CPU.Build.0 = Debug|Any CPU
		{C44FA05B-BBDA-4221-A6D5-E794F7563EBD}.Release|Any CPU.ActiveCfg = Release|Any CPU
		{C44FA05B-BBDA-4221-A6D5-E794F7563EBD}.Release|Any CPU.Build.0 = Release|Any CPU
		{867DB69B-6857-47E9-A85A-A232FE45B9D3}.Debug|Any CPU.ActiveCfg = Debug|Any CPU
		{867DB69B-6857-47E9-A85A-A232FE45B9D3}.Debug|Any CPU.Build.0 = Debug|Any CPU
		{867DB69B-6857-47E9-A85A-A232FE45B9D3}.Release|Any CPU.ActiveCfg = Release|Any CPU
		{867DB69B-6857-47E9-A85A-A232FE45B9D3}.Release|Any CPU.Build.0 = Release|Any CPU
	EndGlobalSection
	GlobalSection(SolutionProperties) = preSolution
		HideSolutionNode = FALSE
	EndGlobalSection
	GlobalSection(ExtensibilityGlobals) = postSolution
		SolutionGuid = {0F8D8E40-2029-4D63-9EB9-4BB8F3797BE8}
	EndGlobalSection
EndGlobal
